// !$*UTF8*$!
{
	archiveVersion = 1;
	classes = {
	};
	objectVersion = 55;
	objects = {

/* Begin PBXBuildFile section */
		1013EDDB29EA7D1C006EE2D4 /* meme_list_cell.swift in Sources */ = {isa = PBXBuildFile; fileRef = 1013EDDA29EA7D1C006EE2D4 /* meme_list_cell.swift */; };
		1013EDDD29EA7D4C006EE2D4 /* buzzword_list_cell.swift in Sources */ = {isa = PBXBuildFile; fileRef = 1013EDDC29EA7D4C006EE2D4 /* buzzword_list_cell.swift */; };
		1013EDDF29EA7D66006EE2D4 /* coavaMemeList.swift in Sources */ = {isa = PBXBuildFile; fileRef = 1013EDDE29EA7D66006EE2D4 /* coavaMemeList.swift */; };
		1013EDE129EA7D71006EE2D4 /* coavaBuzzwordList.swift in Sources */ = {isa = PBXBuildFile; fileRef = 1013EDE029EA7D71006EE2D4 /* coavaBuzzwordList.swift */; };
		101C3BDF29C95995003EB20E /* CustomTabBarController.swift in Sources */ = {isa = PBXBuildFile; fileRef = 101C3BDE29C95995003EB20E /* CustomTabBarController.swift */; };
		101C3BE129C95B9F003EB20E /* Tabbar.swift in Sources */ = {isa = PBXBuildFile; fileRef = 101C3BE029C95B9F003EB20E /* Tabbar.swift */; };
		102727CF29BEFE3400E91167 /* AppDelegate.swift in Sources */ = {isa = PBXBuildFile; fileRef = 102727CE29BEFE3400E91167 /* AppDelegate.swift */; };
		102727D129BEFE3400E91167 /* SceneDelegate.swift in Sources */ = {isa = PBXBuildFile; fileRef = 102727D029BEFE3400E91167 /* SceneDelegate.swift */; };
		102727D329BEFE3400E91167 /* ViewController.swift in Sources */ = {isa = PBXBuildFile; fileRef = 102727D229BEFE3400E91167 /* ViewController.swift */; };
		102727D629BEFE3400E91167 /* Main.storyboard in Resources */ = {isa = PBXBuildFile; fileRef = 102727D429BEFE3400E91167 /* Main.storyboard */; };
		102727D829BEFE3400E91167 /* Assets.xcassets in Resources */ = {isa = PBXBuildFile; fileRef = 102727D729BEFE3400E91167 /* Assets.xcassets */; };
		102727DB29BEFE3400E91167 /* LaunchScreen.storyboard in Resources */ = {isa = PBXBuildFile; fileRef = 102727D929BEFE3400E91167 /* LaunchScreen.storyboard */; };
		102727E329BF0A3900E91167 /* SecondViewController.swift in Sources */ = {isa = PBXBuildFile; fileRef = 102727E229BF0A3900E91167 /* SecondViewController.swift */; };
		1035EAAD29EA9338002B6318 /* STTViewController.swift in Sources */ = {isa = PBXBuildFile; fileRef = 1035EAAC29EA9338002B6318 /* STTViewController.swift */; };
		104BCD5E29D3AF6700F587CF /* BuzzwordListViewController.swift in Sources */ = {isa = PBXBuildFile; fileRef = 104BCD5D29D3AF6700F587CF /* BuzzwordListViewController.swift */; };
		104BCD6029D3AF6E00F587CF /* MemeListViewController.swift in Sources */ = {isa = PBXBuildFile; fileRef = 104BCD5F29D3AF6E00F587CF /* MemeListViewController.swift */; };
		107D2F2129D3F972003AC0C5 /* ListViewController.swift in Sources */ = {isa = PBXBuildFile; fileRef = 107D2F2029D3F972003AC0C5 /* ListViewController.swift */; };
		1080958129CC4705003A43E4 /* GameTabViewController.swift in Sources */ = {isa = PBXBuildFile; fileRef = 1080958029CC4705003A43E4 /* GameTabViewController.swift */; };
		1080958329CC4713003A43E4 /* GameOneViewController.swift in Sources */ = {isa = PBXBuildFile; fileRef = 1080958229CC4713003A43E4 /* GameOneViewController.swift */; };
		1080958529CC471E003A43E4 /* GameTwoViewController.swift in Sources */ = {isa = PBXBuildFile; fileRef = 1080958429CC471E003A43E4 /* GameTwoViewController.swift */; };
		109C9A7929D2BE7A00DA0380 /* ExplainViewController.swift in Sources */ = {isa = PBXBuildFile; fileRef = 109C9A7829D2BE7A00DA0380 /* ExplainViewController.swift */; };
		10B22A2D29CD8D4A00754373 /* buzzword_cell.swift in Sources */ = {isa = PBXBuildFile; fileRef = 10B22A2C29CD8D4A00754373 /* buzzword_cell.swift */; };
		10B22A2F29CD8D6200754373 /* coavaBuzzword.swift in Sources */ = {isa = PBXBuildFile; fileRef = 10B22A2E29CD8D6200754373 /* coavaBuzzword.swift */; };
		10B22A3129CD92BF00754373 /* Home.swift in Sources */ = {isa = PBXBuildFile; fileRef = 10B22A3029CD92BF00754373 /* Home.swift */; };
		10E05B0F29E318520016EBF6 /* StoreViewController.swift in Sources */ = {isa = PBXBuildFile; fileRef = 10E05B0E29E318520016EBF6 /* StoreViewController.swift */; };
		10E05B1129E319030016EBF6 /* HatViewController.swift in Sources */ = {isa = PBXBuildFile; fileRef = 10E05B1029E319030016EBF6 /* HatViewController.swift */; };
		10E05B1929E31A2E0016EBF6 /* HairViewController.swift in Sources */ = {isa = PBXBuildFile; fileRef = 10E05B1829E31A2E0016EBF6 /* HairViewController.swift */; };
		10E05B1D29E31AC10016EBF6 /* GlassesViewController.swift in Sources */ = {isa = PBXBuildFile; fileRef = 10E05B1C29E31AC10016EBF6 /* GlassesViewController.swift */; };
		10E37F6E29CE009700D86791 /* meme_cell.swift in Sources */ = {isa = PBXBuildFile; fileRef = 10E37F6D29CE009700D86791 /* meme_cell.swift */; };
		10E37F7029CE00A700D86791 /* coavaMeme.swift in Sources */ = {isa = PBXBuildFile; fileRef = 10E37F6F29CE00A700D86791 /* coavaMeme.swift */; };
		10F0A0CF29ED074800531D76 /* sttTestViewController.swift in Sources */ = {isa = PBXBuildFile; fileRef = 10F0A0CE29ED074800531D76 /* sttTestViewController.swift */; };
		10F0A0D129ED0D4D00531D76 /* ttsTestViewController.swift in Sources */ = {isa = PBXBuildFile; fileRef = 10F0A0D029ED0D4D00531D76 /* ttsTestViewController.swift */; };
		10FB3D7D29E64157008D86D3 /* UserViewController.swift in Sources */ = {isa = PBXBuildFile; fileRef = 10FB3D7C29E64157008D86D3 /* UserViewController.swift */; };
		10FB3D7F29E64190008D86D3 /* UserHatViewController.swift in Sources */ = {isa = PBXBuildFile; fileRef = 10FB3D7E29E64190008D86D3 /* UserHatViewController.swift */; };
		10FB3D8129E641B6008D86D3 /* UserGlassesViewController.swift in Sources */ = {isa = PBXBuildFile; fileRef = 10FB3D8029E641B6008D86D3 /* UserGlassesViewController.swift */; };
		10FB3D8329E641C1008D86D3 /* UserHairViewController.swift in Sources */ = {isa = PBXBuildFile; fileRef = 10FB3D8229E641C1008D86D3 /* UserHairViewController.swift */; };
		701F2AF529F8EA40003562B2 /* APIConstants.swift in Sources */ = {isa = PBXBuildFile; fileRef = 701F2AF429F8EA40003562B2 /* APIConstants.swift */; };
		701F2AF929F90B2B003562B2 /* NetworkResult.swift in Sources */ = {isa = PBXBuildFile; fileRef = 701F2AF829F90B2B003562B2 /* NetworkResult.swift */; };
		705B6D6429EEC37100288D05 /* ButtonChange.swift in Sources */ = {isa = PBXBuildFile; fileRef = 705B6D6329EEC37100288D05 /* ButtonChange.swift */; };
		DC84B42726928A33E96AB414 /* Pods_Coava.framework in Frameworks */ = {isa = PBXBuildFile; fileRef = CF2EB20EF699DEB9B3A3A23F /* Pods_Coava.framework */; };
/* End PBXBuildFile section */

/* Begin PBXFileReference section */
		06E4A9FA6A207426252FF574 /* Pods-Coava.debug.xcconfig */ = {isa = PBXFileReference; includeInIndex = 1; lastKnownFileType = text.xcconfig; name = "Pods-Coava.debug.xcconfig"; path = "Target Support Files/Pods-Coava/Pods-Coava.debug.xcconfig"; sourceTree = "<group>"; };
		1013EDDA29EA7D1C006EE2D4 /* meme_list_cell.swift */ = {isa = PBXFileReference; lastKnownFileType = sourcecode.swift; name = meme_list_cell.swift; path = Coava/meme_list_cell.swift; sourceTree = SOURCE_ROOT; };
		1013EDDC29EA7D4C006EE2D4 /* buzzword_list_cell.swift */ = {isa = PBXFileReference; lastKnownFileType = sourcecode.swift; name = buzzword_list_cell.swift; path = Coava/buzzword_list_cell.swift; sourceTree = SOURCE_ROOT; };
		1013EDDE29EA7D66006EE2D4 /* coavaMemeList.swift */ = {isa = PBXFileReference; lastKnownFileType = sourcecode.swift; path = coavaMemeList.swift; sourceTree = "<group>"; };
		1013EDE029EA7D71006EE2D4 /* coavaBuzzwordList.swift */ = {isa = PBXFileReference; lastKnownFileType = sourcecode.swift; path = coavaBuzzwordList.swift; sourceTree = "<group>"; };
		101C3BDE29C95995003EB20E /* CustomTabBarController.swift */ = {isa = PBXFileReference; lastKnownFileType = sourcecode.swift; path = CustomTabBarController.swift; sourceTree = "<group>"; };
		101C3BE029C95B9F003EB20E /* Tabbar.swift */ = {isa = PBXFileReference; lastKnownFileType = sourcecode.swift; path = Tabbar.swift; sourceTree = "<group>"; };
		102727CB29BEFE3400E91167 /* Coava.app */ = {isa = PBXFileReference; explicitFileType = wrapper.application; includeInIndex = 0; path = Coava.app; sourceTree = BUILT_PRODUCTS_DIR; };
		102727CE29BEFE3400E91167 /* AppDelegate.swift */ = {isa = PBXFileReference; lastKnownFileType = sourcecode.swift; path = AppDelegate.swift; sourceTree = "<group>"; };
		102727D029BEFE3400E91167 /* SceneDelegate.swift */ = {isa = PBXFileReference; lastKnownFileType = sourcecode.swift; path = SceneDelegate.swift; sourceTree = "<group>"; };
		102727D229BEFE3400E91167 /* ViewController.swift */ = {isa = PBXFileReference; lastKnownFileType = sourcecode.swift; path = ViewController.swift; sourceTree = "<group>"; };
		102727D529BEFE3400E91167 /* Base */ = {isa = PBXFileReference; lastKnownFileType = file.storyboard; name = Base; path = Base.lproj/Main.storyboard; sourceTree = "<group>"; };
		102727D729BEFE3400E91167 /* Assets.xcassets */ = {isa = PBXFileReference; lastKnownFileType = folder.assetcatalog; path = Assets.xcassets; sourceTree = "<group>"; };
		102727DA29BEFE3400E91167 /* Base */ = {isa = PBXFileReference; lastKnownFileType = file.storyboard; name = Base; path = Base.lproj/LaunchScreen.storyboard; sourceTree = "<group>"; };
		102727DC29BEFE3400E91167 /* Info.plist */ = {isa = PBXFileReference; lastKnownFileType = text.plist.xml; path = Info.plist; sourceTree = "<group>"; };
		102727E229BF0A3900E91167 /* SecondViewController.swift */ = {isa = PBXFileReference; lastKnownFileType = sourcecode.swift; path = SecondViewController.swift; sourceTree = "<group>"; };
		1035EAAC29EA9338002B6318 /* STTViewController.swift */ = {isa = PBXFileReference; lastKnownFileType = sourcecode.swift; path = STTViewController.swift; sourceTree = "<group>"; };
		104BCD5D29D3AF6700F587CF /* BuzzwordListViewController.swift */ = {isa = PBXFileReference; lastKnownFileType = sourcecode.swift; path = BuzzwordListViewController.swift; sourceTree = "<group>"; };
		104BCD5F29D3AF6E00F587CF /* MemeListViewController.swift */ = {isa = PBXFileReference; lastKnownFileType = sourcecode.swift; path = MemeListViewController.swift; sourceTree = "<group>"; };
		107D2F2029D3F972003AC0C5 /* ListViewController.swift */ = {isa = PBXFileReference; lastKnownFileType = sourcecode.swift; path = ListViewController.swift; sourceTree = "<group>"; };
		1080958029CC4705003A43E4 /* GameTabViewController.swift */ = {isa = PBXFileReference; lastKnownFileType = sourcecode.swift; path = GameTabViewController.swift; sourceTree = "<group>"; };
		1080958229CC4713003A43E4 /* GameOneViewController.swift */ = {isa = PBXFileReference; lastKnownFileType = sourcecode.swift; path = GameOneViewController.swift; sourceTree = "<group>"; };
		1080958429CC471E003A43E4 /* GameTwoViewController.swift */ = {isa = PBXFileReference; lastKnownFileType = sourcecode.swift; path = GameTwoViewController.swift; sourceTree = "<group>"; };
		109C9A7829D2BE7A00DA0380 /* ExplainViewController.swift */ = {isa = PBXFileReference; lastKnownFileType = sourcecode.swift; path = ExplainViewController.swift; sourceTree = "<group>"; };
		10B22A2C29CD8D4A00754373 /* buzzword_cell.swift */ = {isa = PBXFileReference; lastKnownFileType = sourcecode.swift; path = buzzword_cell.swift; sourceTree = "<group>"; };
		10B22A2E29CD8D6200754373 /* coavaBuzzword.swift */ = {isa = PBXFileReference; lastKnownFileType = sourcecode.swift; path = coavaBuzzword.swift; sourceTree = "<group>"; };
		10B22A3029CD92BF00754373 /* Home.swift */ = {isa = PBXFileReference; lastKnownFileType = sourcecode.swift; path = Home.swift; sourceTree = "<group>"; };
		10E05B0E29E318520016EBF6 /* StoreViewController.swift */ = {isa = PBXFileReference; lastKnownFileType = sourcecode.swift; path = StoreViewController.swift; sourceTree = "<group>"; };
		10E05B1029E319030016EBF6 /* HatViewController.swift */ = {isa = PBXFileReference; lastKnownFileType = sourcecode.swift; path = HatViewController.swift; sourceTree = "<group>"; };
		10E05B1829E31A2E0016EBF6 /* HairViewController.swift */ = {isa = PBXFileReference; lastKnownFileType = sourcecode.swift; path = HairViewController.swift; sourceTree = "<group>"; };
		10E05B1C29E31AC10016EBF6 /* GlassesViewController.swift */ = {isa = PBXFileReference; lastKnownFileType = sourcecode.swift; path = GlassesViewController.swift; sourceTree = "<group>"; };
		10E37F6D29CE009700D86791 /* meme_cell.swift */ = {isa = PBXFileReference; lastKnownFileType = sourcecode.swift; path = meme_cell.swift; sourceTree = "<group>"; };
		10E37F6F29CE00A700D86791 /* coavaMeme.swift */ = {isa = PBXFileReference; lastKnownFileType = sourcecode.swift; path = coavaMeme.swift; sourceTree = "<group>"; };
		10F0A0CE29ED074800531D76 /* sttTestViewController.swift */ = {isa = PBXFileReference; lastKnownFileType = sourcecode.swift; path = sttTestViewController.swift; sourceTree = "<group>"; };
		10F0A0D029ED0D4D00531D76 /* ttsTestViewController.swift */ = {isa = PBXFileReference; lastKnownFileType = sourcecode.swift; path = ttsTestViewController.swift; sourceTree = "<group>"; };
		10FB3D7C29E64157008D86D3 /* UserViewController.swift */ = {isa = PBXFileReference; lastKnownFileType = sourcecode.swift; path = UserViewController.swift; sourceTree = "<group>"; };
		10FB3D7E29E64190008D86D3 /* UserHatViewController.swift */ = {isa = PBXFileReference; lastKnownFileType = sourcecode.swift; path = UserHatViewController.swift; sourceTree = "<group>"; };
		10FB3D8029E641B6008D86D3 /* UserGlassesViewController.swift */ = {isa = PBXFileReference; lastKnownFileType = sourcecode.swift; path = UserGlassesViewController.swift; sourceTree = "<group>"; };
		10FB3D8229E641C1008D86D3 /* UserHairViewController.swift */ = {isa = PBXFileReference; lastKnownFileType = sourcecode.swift; path = UserHairViewController.swift; sourceTree = "<group>"; };
		701F2AF429F8EA40003562B2 /* APIConstants.swift */ = {isa = PBXFileReference; lastKnownFileType = sourcecode.swift; path = APIConstants.swift; sourceTree = "<group>"; };
		701F2AF829F90B2B003562B2 /* NetworkResult.swift */ = {isa = PBXFileReference; lastKnownFileType = sourcecode.swift; path = NetworkResult.swift; sourceTree = "<group>"; };
		701F2AFA29F9157E003562B2 /* Assets.xcassets */ = {isa = PBXFileReference; lastKnownFileType = folder.assetcatalog; name = Assets.xcassets; path = Coava/Assets.xcassets; sourceTree = "<group>"; };
		705B6D6329EEC37100288D05 /* ButtonChange.swift */ = {isa = PBXFileReference; lastKnownFileType = sourcecode.swift; path = ButtonChange.swift; sourceTree = "<group>"; };
		C4A63A1FEFB548DFE5E957D4 /* Pods-Coava.release.xcconfig */ = {isa = PBXFileReference; includeInIndex = 1; lastKnownFileType = text.xcconfig; name = "Pods-Coava.release.xcconfig"; path = "Target Support Files/Pods-Coava/Pods-Coava.release.xcconfig"; sourceTree = "<group>"; };
		CF2EB20EF699DEB9B3A3A23F /* Pods_Coava.framework */ = {isa = PBXFileReference; explicitFileType = wrapper.framework; includeInIndex = 0; path = Pods_Coava.framework; sourceTree = BUILT_PRODUCTS_DIR; };
/* End PBXFileReference section */

/* Begin PBXFrameworksBuildPhase section */
		102727C829BEFE3400E91167 /* Frameworks */ = {
			isa = PBXFrameworksBuildPhase;
			buildActionMask = 2147483647;
			files = (
				DC84B42726928A33E96AB414 /* Pods_Coava.framework in Frameworks */,
			);
			runOnlyForDeploymentPostprocessing = 0;
		};
/* End PBXFrameworksBuildPhase section */

/* Begin PBXGroup section */
		102727C229BEFE3400E91167 = {
			isa = PBXGroup;
			children = (
				701F2AFA29F9157E003562B2 /* Assets.xcassets */,
				102727CD29BEFE3400E91167 /* Coava */,
				102727CC29BEFE3400E91167 /* Products */,
				7E62E221186CDA9D9383E716 /* Pods */,
				1A1161D38A8641A125E0DCE3 /* Frameworks */,
			);
			sourceTree = "<group>";
		};
		102727CC29BEFE3400E91167 /* Products */ = {
			isa = PBXGroup;
			children = (
				102727CB29BEFE3400E91167 /* Coava.app */,
			);
			name = Products;
			sourceTree = "<group>";
		};
		102727CD29BEFE3400E91167 /* Coava */ = {
			isa = PBXGroup;
			children = (
				102727CE29BEFE3400E91167 /* AppDelegate.swift */,
				102727D029BEFE3400E91167 /* SceneDelegate.swift */,
				102727D429BEFE3400E91167 /* Main.storyboard */,
				705B6D6329EEC37100288D05 /* ButtonChange.swift */,
				10F0A0D029ED0D4D00531D76 /* ttsTestViewController.swift */,
				10F0A0CE29ED074800531D76 /* sttTestViewController.swift */,
				1035EAAC29EA9338002B6318 /* STTViewController.swift */,
				1099FF4329E308F0002B2611 /* Login */,
				104BCD6129D3B1E100F587CF /* Home */,
				1099FF4229E308A2002B2611 /* List */,
				104BCD6229D3B20A00F587CF /* Game */,
				10E05B0D29E318280016EBF6 /* Store */,
				10FB3D7B29E640F9008D86D3 /* User */,
				109C9A7829D2BE7A00DA0380 /* ExplainViewController.swift */,
				101C3BDE29C95995003EB20E /* CustomTabBarController.swift */,
				101C3BE029C95B9F003EB20E /* Tabbar.swift */,
				102727D729BEFE3400E91167 /* Assets.xcassets */,
				102727D929BEFE3400E91167 /* LaunchScreen.storyboard */,
				102727DC29BEFE3400E91167 /* Info.plist */,
				701F2AF429F8EA40003562B2 /* APIConstants.swift */,
				701F2AF829F90B2B003562B2 /* NetworkResult.swift */,
			);
			path = Coava;
			sourceTree = "<group>";
		};
		104BCD6129D3B1E100F587CF /* Home */ = {
			isa = PBXGroup;
			children = (
				10B22A3029CD92BF00754373 /* Home.swift */,
				10E37F6D29CE009700D86791 /* meme_cell.swift */,
				10E37F6F29CE00A700D86791 /* coavaMeme.swift */,
				10B22A2C29CD8D4A00754373 /* buzzword_cell.swift */,
				10B22A2E29CD8D6200754373 /* coavaBuzzword.swift */,
			);
			path = Home;
			sourceTree = "<group>";
		};
		104BCD6229D3B20A00F587CF /* Game */ = {
			isa = PBXGroup;
			children = (
				1080958029CC4705003A43E4 /* GameTabViewController.swift */,
				1080958229CC4713003A43E4 /* GameOneViewController.swift */,
				1080958429CC471E003A43E4 /* GameTwoViewController.swift */,
			);
			path = Game;
			sourceTree = "<group>";
		};
		1099FF4229E308A2002B2611 /* List */ = {
			isa = PBXGroup;
			children = (
				1013EDDC29EA7D4C006EE2D4 /* buzzword_list_cell.swift */,
				1013EDE029EA7D71006EE2D4 /* coavaBuzzwordList.swift */,
				1013EDDA29EA7D1C006EE2D4 /* meme_list_cell.swift */,
				1013EDDE29EA7D66006EE2D4 /* coavaMemeList.swift */,
				107D2F2029D3F972003AC0C5 /* ListViewController.swift */,
				104BCD5D29D3AF6700F587CF /* BuzzwordListViewController.swift */,
				104BCD5F29D3AF6E00F587CF /* MemeListViewController.swift */,
			);
			path = List;
			sourceTree = "<group>";
		};
		1099FF4329E308F0002B2611 /* Login */ = {
			isa = PBXGroup;
			children = (
				102727D229BEFE3400E91167 /* ViewController.swift */,
				102727E229BF0A3900E91167 /* SecondViewController.swift */,
			);
			path = Login;
			sourceTree = "<group>";
		};
		10E05B0D29E318280016EBF6 /* Store */ = {
			isa = PBXGroup;
			children = (
				10E05B0E29E318520016EBF6 /* StoreViewController.swift */,
				10E05B1029E319030016EBF6 /* HatViewController.swift */,
				10E05B1C29E31AC10016EBF6 /* GlassesViewController.swift */,
				10E05B1829E31A2E0016EBF6 /* HairViewController.swift */,
			);
			path = Store;
			sourceTree = "<group>";
		};
		10FB3D7B29E640F9008D86D3 /* User */ = {
			isa = PBXGroup;
			children = (
				10FB3D7C29E64157008D86D3 /* UserViewController.swift */,
				10FB3D7E29E64190008D86D3 /* UserHatViewController.swift */,
				10FB3D8029E641B6008D86D3 /* UserGlassesViewController.swift */,
				10FB3D8229E641C1008D86D3 /* UserHairViewController.swift */,
			);
			path = User;
			sourceTree = "<group>";
		};
		1A1161D38A8641A125E0DCE3 /* Frameworks */ = {
			isa = PBXGroup;
			children = (
				CF2EB20EF699DEB9B3A3A23F /* Pods_Coava.framework */,
			);
			name = Frameworks;
			sourceTree = "<group>";
		};
		7E62E221186CDA9D9383E716 /* Pods */ = {
			isa = PBXGroup;
			children = (
				06E4A9FA6A207426252FF574 /* Pods-Coava.debug.xcconfig */,
				C4A63A1FEFB548DFE5E957D4 /* Pods-Coava.release.xcconfig */,
			);
			path = Pods;
			sourceTree = "<group>";
		};
/* End PBXGroup section */

/* Begin PBXNativeTarget section */
		102727CA29BEFE3400E91167 /* Coava */ = {
			isa = PBXNativeTarget;
			buildConfigurationList = 102727DF29BEFE3400E91167 /* Build configuration list for PBXNativeTarget "Coava" */;
			buildPhases = (
				EC976AB8FB6A079602BA9A1C /* [CP] Check Pods Manifest.lock */,
				102727C729BEFE3400E91167 /* Sources */,
				102727C829BEFE3400E91167 /* Frameworks */,
				102727C929BEFE3400E91167 /* Resources */,
				F5B6462334139640EF6CD621 /* [CP] Embed Pods Frameworks */,
			);
			buildRules = (
			);
			dependencies = (
			);
			name = Coava;
			productName = Coava;
			productReference = 102727CB29BEFE3400E91167 /* Coava.app */;
			productType = "com.apple.product-type.application";
		};
/* End PBXNativeTarget section */

/* Begin PBXProject section */
		102727C329BEFE3400E91167 /* Project object */ = {
			isa = PBXProject;
			attributes = {
				BuildIndependentTargetsInParallel = 1;
				LastSwiftUpdateCheck = 1420;
				LastUpgradeCheck = 1420;
				TargetAttributes = {
					102727CA29BEFE3400E91167 = {
						CreatedOnToolsVersion = 14.2;
					};
				};
			};
			buildConfigurationList = 102727C629BEFE3400E91167 /* Build configuration list for PBXProject "Coava" */;
			compatibilityVersion = "Xcode 13.0";
			developmentRegion = en;
			hasScannedForEncodings = 0;
			knownRegions = (
				en,
				Base,
			);
			mainGroup = 102727C229BEFE3400E91167;
			productRefGroup = 102727CC29BEFE3400E91167 /* Products */;
			projectDirPath = "";
			projectRoot = "";
			targets = (
				102727CA29BEFE3400E91167 /* Coava */,
			);
		};
/* End PBXProject section */

/* Begin PBXResourcesBuildPhase section */
		102727C929BEFE3400E91167 /* Resources */ = {
			isa = PBXResourcesBuildPhase;
			buildActionMask = 2147483647;
			files = (
				102727D829BEFE3400E91167 /* Assets.xcassets in Resources */,
				102727DB29BEFE3400E91167 /* LaunchScreen.storyboard in Resources */,
				102727D629BEFE3400E91167 /* Main.storyboard in Resources */,
			);
			runOnlyForDeploymentPostprocessing = 0;
		};
/* End PBXResourcesBuildPhase section */

/* Begin PBXShellScriptBuildPhase section */
		EC976AB8FB6A079602BA9A1C /* [CP] Check Pods Manifest.lock */ = {
			isa = PBXShellScriptBuildPhase;
			buildActionMask = 2147483647;
			files = (
			);
			inputFileListPaths = (
			);
			inputPaths = (
				"${PODS_PODFILE_DIR_PATH}/Podfile.lock",
				"${PODS_ROOT}/Manifest.lock",
			);
			name = "[CP] Check Pods Manifest.lock";
			outputFileListPaths = (
			);
			outputPaths = (
				"$(DERIVED_FILE_DIR)/Pods-Coava-checkManifestLockResult.txt",
			);
			runOnlyForDeploymentPostprocessing = 0;
			shellPath = /bin/sh;
			shellScript = "diff \"${PODS_PODFILE_DIR_PATH}/Podfile.lock\" \"${PODS_ROOT}/Manifest.lock\" > /dev/null\nif [ $? != 0 ] ; then\n    # print error to STDERR\n    echo \"error: The sandbox is not in sync with the Podfile.lock. Run 'pod install' or update your CocoaPods installation.\" >&2\n    exit 1\nfi\n# This output is used by Xcode 'outputs' to avoid re-running this script phase.\necho \"SUCCESS\" > \"${SCRIPT_OUTPUT_FILE_0}\"\n";
			showEnvVarsInLog = 0;
		};
		F5B6462334139640EF6CD621 /* [CP] Embed Pods Frameworks */ = {
			isa = PBXShellScriptBuildPhase;
			buildActionMask = 2147483647;
			files = (
			);
			inputFileListPaths = (
				"${PODS_ROOT}/Target Support Files/Pods-Coava/Pods-Coava-frameworks-${CONFIGURATION}-input-files.xcfilelist",
			);
			name = "[CP] Embed Pods Frameworks";
			outputFileListPaths = (
				"${PODS_ROOT}/Target Support Files/Pods-Coava/Pods-Coava-frameworks-${CONFIGURATION}-output-files.xcfilelist",
			);
			runOnlyForDeploymentPostprocessing = 0;
			shellPath = /bin/sh;
			shellScript = "\"${PODS_ROOT}/Target Support Files/Pods-Coava/Pods-Coava-frameworks.sh\"\n";
			showEnvVarsInLog = 0;
		};
/* End PBXShellScriptBuildPhase section */

/* Begin PBXSourcesBuildPhase section */
		102727C729BEFE3400E91167 /* Sources */ = {
			isa = PBXSourcesBuildPhase;
			buildActionMask = 2147483647;
			files = (
				102727E329BF0A3900E91167 /* SecondViewController.swift in Sources */,
				701F2AF529F8EA40003562B2 /* APIConstants.swift in Sources */,
				10FB3D7F29E64190008D86D3 /* UserHatViewController.swift in Sources */,
				701F2AF929F90B2B003562B2 /* NetworkResult.swift in Sources */,
				10B22A2D29CD8D4A00754373 /* buzzword_cell.swift in Sources */,
				102727D329BEFE3400E91167 /* ViewController.swift in Sources */,
				101C3BDF29C95995003EB20E /* CustomTabBarController.swift in Sources */,
				10B22A2F29CD8D6200754373 /* coavaBuzzword.swift in Sources */,
				101C3BE129C95B9F003EB20E /* Tabbar.swift in Sources */,
				10FB3D8329E641C1008D86D3 /* UserHairViewController.swift in Sources */,
				1013EDDF29EA7D66006EE2D4 /* coavaMemeList.swift in Sources */,
				10B22A3129CD92BF00754373 /* Home.swift in Sources */,
				10E05B1929E31A2E0016EBF6 /* HairViewController.swift in Sources */,
				1013EDE129EA7D71006EE2D4 /* coavaBuzzwordList.swift in Sources */,
				102727CF29BEFE3400E91167 /* AppDelegate.swift in Sources */,
				10E05B0F29E318520016EBF6 /* StoreViewController.swift in Sources */,
				1013EDDD29EA7D4C006EE2D4 /* buzzword_list_cell.swift in Sources */,
				10E37F7029CE00A700D86791 /* coavaMeme.swift in Sources */,
				10F0A0CF29ED074800531D76 /* sttTestViewController.swift in Sources */,
				102727D129BEFE3400E91167 /* SceneDelegate.swift in Sources */,
				104BCD5E29D3AF6700F587CF /* BuzzwordListViewController.swift in Sources */,
				1035EAAD29EA9338002B6318 /* STTViewController.swift in Sources */,
				104BCD6029D3AF6E00F587CF /* MemeListViewController.swift in Sources */,
				10E37F6E29CE009700D86791 /* meme_cell.swift in Sources */,
				1080958329CC4713003A43E4 /* GameOneViewController.swift in Sources */,
				107D2F2129D3F972003AC0C5 /* ListViewController.swift in Sources */,
				1080958529CC471E003A43E4 /* GameTwoViewController.swift in Sources */,
				109C9A7929D2BE7A00DA0380 /* ExplainViewController.swift in Sources */,
				10FB3D8129E641B6008D86D3 /* UserGlassesViewController.swift in Sources */,
				705B6D6429EEC37100288D05 /* ButtonChange.swift in Sources */,
				10E05B1129E319030016EBF6 /* HatViewController.swift in Sources */,
				10FB3D7D29E64157008D86D3 /* UserViewController.swift in Sources */,
				10F0A0D129ED0D4D00531D76 /* ttsTestViewController.swift in Sources */,
				1080958129CC4705003A43E4 /* GameTabViewController.swift in Sources */,
				10E05B1D29E31AC10016EBF6 /* GlassesViewController.swift in Sources */,
				1013EDDB29EA7D1C006EE2D4 /* meme_list_cell.swift in Sources */,
			);
			runOnlyForDeploymentPostprocessing = 0;
		};
/* End PBXSourcesBuildPhase section */

/* Begin PBXVariantGroup section */
		102727D429BEFE3400E91167 /* Main.storyboard */ = {
			isa = PBXVariantGroup;
			children = (
				102727D529BEFE3400E91167 /* Base */,
			);
			name = Main.storyboard;
			sourceTree = "<group>";
		};
		102727D929BEFE3400E91167 /* LaunchScreen.storyboard */ = {
			isa = PBXVariantGroup;
			children = (
				102727DA29BEFE3400E91167 /* Base */,
			);
			name = LaunchScreen.storyboard;
			sourceTree = "<group>";
		};
/* End PBXVariantGroup section */

/* Begin XCBuildConfiguration section */
		102727DD29BEFE3400E91167 /* Debug */ = {
			isa = XCBuildConfiguration;
			buildSettings = {
				ALWAYS_SEARCH_USER_PATHS = NO;
				CLANG_ANALYZER_NONNULL = YES;
				CLANG_ANALYZER_NUMBER_OBJECT_CONVERSION = YES_AGGRESSIVE;
				CLANG_CXX_LANGUAGE_STANDARD = "gnu++20";
				CLANG_ENABLE_MODULES = YES;
				CLANG_ENABLE_OBJC_ARC = YES;
				CLANG_ENABLE_OBJC_WEAK = YES;
				CLANG_WARN_BLOCK_CAPTURE_AUTORELEASING = YES;
				CLANG_WARN_BOOL_CONVERSION = YES;
				CLANG_WARN_COMMA = YES;
				CLANG_WARN_CONSTANT_CONVERSION = YES;
				CLANG_WARN_DEPRECATED_OBJC_IMPLEMENTATIONS = YES;
				CLANG_WARN_DIRECT_OBJC_ISA_USAGE = YES_ERROR;
				CLANG_WARN_DOCUMENTATION_COMMENTS = YES;
				CLANG_WARN_EMPTY_BODY = YES;
				CLANG_WARN_ENUM_CONVERSION = YES;
				CLANG_WARN_INFINITE_RECURSION = YES;
				CLANG_WARN_INT_CONVERSION = YES;
				CLANG_WARN_NON_LITERAL_NULL_CONVERSION = YES;
				CLANG_WARN_OBJC_IMPLICIT_RETAIN_SELF = YES;
				CLANG_WARN_OBJC_LITERAL_CONVERSION = YES;
				CLANG_WARN_OBJC_ROOT_CLASS = YES_ERROR;
				CLANG_WARN_QUOTED_INCLUDE_IN_FRAMEWORK_HEADER = YES;
				CLANG_WARN_RANGE_LOOP_ANALYSIS = YES;
				CLANG_WARN_STRICT_PROTOTYPES = YES;
				CLANG_WARN_SUSPICIOUS_MOVE = YES;
				CLANG_WARN_UNGUARDED_AVAILABILITY = YES_AGGRESSIVE;
				CLANG_WARN_UNREACHABLE_CODE = YES;
				CLANG_WARN__DUPLICATE_METHOD_MATCH = YES;
				COPY_PHASE_STRIP = NO;
				DEBUG_INFORMATION_FORMAT = dwarf;
				ENABLE_STRICT_OBJC_MSGSEND = YES;
				ENABLE_TESTABILITY = YES;
				GCC_C_LANGUAGE_STANDARD = gnu11;
				GCC_DYNAMIC_NO_PIC = NO;
				GCC_NO_COMMON_BLOCKS = YES;
				GCC_OPTIMIZATION_LEVEL = 0;
				GCC_PREPROCESSOR_DEFINITIONS = (
					"DEBUG=1",
					"$(inherited)",
				);
				GCC_WARN_64_TO_32_BIT_CONVERSION = YES;
				GCC_WARN_ABOUT_RETURN_TYPE = YES_ERROR;
				GCC_WARN_UNDECLARED_SELECTOR = YES;
				GCC_WARN_UNINITIALIZED_AUTOS = YES_AGGRESSIVE;
				GCC_WARN_UNUSED_FUNCTION = YES;
				GCC_WARN_UNUSED_VARIABLE = YES;
				IPHONEOS_DEPLOYMENT_TARGET = 16.2;
				MTL_ENABLE_DEBUG_INFO = INCLUDE_SOURCE;
				MTL_FAST_MATH = YES;
				ONLY_ACTIVE_ARCH = YES;
				SDKROOT = iphoneos;
				SWIFT_ACTIVE_COMPILATION_CONDITIONS = DEBUG;
				SWIFT_OPTIMIZATION_LEVEL = "-Onone";
			};
			name = Debug;
		};
		102727DE29BEFE3400E91167 /* Release */ = {
			isa = XCBuildConfiguration;
			buildSettings = {
				ALWAYS_SEARCH_USER_PATHS = NO;
				CLANG_ANALYZER_NONNULL = YES;
				CLANG_ANALYZER_NUMBER_OBJECT_CONVERSION = YES_AGGRESSIVE;
				CLANG_CXX_LANGUAGE_STANDARD = "gnu++20";
				CLANG_ENABLE_MODULES = YES;
				CLANG_ENABLE_OBJC_ARC = YES;
				CLANG_ENABLE_OBJC_WEAK = YES;
				CLANG_WARN_BLOCK_CAPTURE_AUTORELEASING = YES;
				CLANG_WARN_BOOL_CONVERSION = YES;
				CLANG_WARN_COMMA = YES;
				CLANG_WARN_CONSTANT_CONVERSION = YES;
				CLANG_WARN_DEPRECATED_OBJC_IMPLEMENTATIONS = YES;
				CLANG_WARN_DIRECT_OBJC_ISA_USAGE = YES_ERROR;
				CLANG_WARN_DOCUMENTATION_COMMENTS = YES;
				CLANG_WARN_EMPTY_BODY = YES;
				CLANG_WARN_ENUM_CONVERSION = YES;
				CLANG_WARN_INFINITE_RECURSION = YES;
				CLANG_WARN_INT_CONVERSION = YES;
				CLANG_WARN_NON_LITERAL_NULL_CONVERSION = YES;
				CLANG_WARN_OBJC_IMPLICIT_RETAIN_SELF = YES;
				CLANG_WARN_OBJC_LITERAL_CONVERSION = YES;
				CLANG_WARN_OBJC_ROOT_CLASS = YES_ERROR;
				CLANG_WARN_QUOTED_INCLUDE_IN_FRAMEWORK_HEADER = YES;
				CLANG_WARN_RANGE_LOOP_ANALYSIS = YES;
				CLANG_WARN_STRICT_PROTOTYPES = YES;
				CLANG_WARN_SUSPICIOUS_MOVE = YES;
				CLANG_WARN_UNGUARDED_AVAILABILITY = YES_AGGRESSIVE;
				CLANG_WARN_UNREACHABLE_CODE = YES;
				CLANG_WARN__DUPLICATE_METHOD_MATCH = YES;
				COPY_PHASE_STRIP = NO;
				DEBUG_INFORMATION_FORMAT = "dwarf-with-dsym";
				ENABLE_NS_ASSERTIONS = NO;
				ENABLE_STRICT_OBJC_MSGSEND = YES;
				GCC_C_LANGUAGE_STANDARD = gnu11;
				GCC_NO_COMMON_BLOCKS = YES;
				GCC_WARN_64_TO_32_BIT_CONVERSION = YES;
				GCC_WARN_ABOUT_RETURN_TYPE = YES_ERROR;
				GCC_WARN_UNDECLARED_SELECTOR = YES;
				GCC_WARN_UNINITIALIZED_AUTOS = YES_AGGRESSIVE;
				GCC_WARN_UNUSED_FUNCTION = YES;
				GCC_WARN_UNUSED_VARIABLE = YES;
				IPHONEOS_DEPLOYMENT_TARGET = 16.2;
				MTL_ENABLE_DEBUG_INFO = NO;
				MTL_FAST_MATH = YES;
				SDKROOT = iphoneos;
				SWIFT_COMPILATION_MODE = wholemodule;
				SWIFT_OPTIMIZATION_LEVEL = "-O";
				VALIDATE_PRODUCT = YES;
			};
			name = Release;
		};
		102727E029BEFE3400E91167 /* Debug */ = {
			isa = XCBuildConfiguration;
			baseConfigurationReference = 06E4A9FA6A207426252FF574 /* Pods-Coava.debug.xcconfig */;
			buildSettings = {
				ASSETCATALOG_COMPILER_APPICON_NAME = AppIcon;
				ASSETCATALOG_COMPILER_GLOBAL_ACCENT_COLOR_NAME = AccentColor;
				CODE_SIGN_STYLE = Automatic;
				CURRENT_PROJECT_VERSION = 1;
				DEVELOPMENT_TEAM = 7425535F6V;
				GENERATE_INFOPLIST_FILE = YES;
				INFOPLIST_FILE = Coava/Info.plist;
				INFOPLIST_KEY_NSMicrophoneUsageDescription = test;
				INFOPLIST_KEY_NSSpeechRecognitionUsageDescription = Coava;
				INFOPLIST_KEY_UIApplicationSupportsIndirectInputEvents = YES;
				INFOPLIST_KEY_UILaunchStoryboardName = LaunchScreen;
				INFOPLIST_KEY_UIMainStoryboardFile = Main;
				INFOPLIST_KEY_UISupportedInterfaceOrientations_iPad = "UIInterfaceOrientationPortrait UIInterfaceOrientationPortraitUpsideDown UIInterfaceOrientationLandscapeLeft UIInterfaceOrientationLandscapeRight";
				INFOPLIST_KEY_UISupportedInterfaceOrientations_iPhone = "UIInterfaceOrientationPortrait UIInterfaceOrientationLandscapeLeft UIInterfaceOrientationLandscapeRight";
				LD_RUNPATH_SEARCH_PATHS = (
					"$(inherited)",
					"@executable_path/Frameworks",
				);
				MARKETING_VERSION = 1.0;
				PRODUCT_BUNDLE_IDENTIFIER = com.hong.Coava;
				PRODUCT_NAME = "$(TARGET_NAME)";
				SWIFT_EMIT_LOC_STRINGS = YES;
				SWIFT_VERSION = 5.0;
				TARGETED_DEVICE_FAMILY = "1,2";
			};
			name = Debug;
		};
		102727E129BEFE3400E91167 /* Release */ = {
			isa = XCBuildConfiguration;
			baseConfigurationReference = C4A63A1FEFB548DFE5E957D4 /* Pods-Coava.release.xcconfig */;
			buildSettings = {
				ASSETCATALOG_COMPILER_APPICON_NAME = AppIcon;
				ASSETCATALOG_COMPILER_GLOBAL_ACCENT_COLOR_NAME = AccentColor;
				CODE_SIGN_STYLE = Automatic;
				CURRENT_PROJECT_VERSION = 1;
				DEVELOPMENT_TEAM = 7425535F6V;
				GENERATE_INFOPLIST_FILE = YES;
				INFOPLIST_FILE = Coava/Info.plist;
				INFOPLIST_KEY_NSMicrophoneUsageDescription = test;
				INFOPLIST_KEY_NSSpeechRecognitionUsageDescription = Coava;
				INFOPLIST_KEY_UIApplicationSupportsIndirectInputEvents = YES;
				INFOPLIST_KEY_UILaunchStoryboardName = LaunchScreen;
				INFOPLIST_KEY_UIMainStoryboardFile = Main;
				INFOPLIST_KEY_UISupportedInterfaceOrientations_iPad = "UIInterfaceOrientationPortrait UIInterfaceOrientationPortraitUpsideDown UIInterfaceOrientationLandscapeLeft UIInterfaceOrientationLandscapeRight";
				INFOPLIST_KEY_UISupportedInterfaceOrientations_iPhone = "UIInterfaceOrientationPortrait UIInterfaceOrientationLandscapeLeft UIInterfaceOrientationLandscapeRight";
				LD_RUNPATH_SEARCH_PATHS = (
					"$(inherited)",
					"@executable_path/Frameworks",
				);
				MARKETING_VERSION = 1.0;
				PRODUCT_BUNDLE_IDENTIFIER = com.hong.Coava;
				PRODUCT_NAME = "$(TARGET_NAME)";
				SWIFT_EMIT_LOC_STRINGS = YES;
				SWIFT_VERSION = 5.0;
				TARGETED_DEVICE_FAMILY = "1,2";
			};
			name = Release;
		};
/* End XCBuildConfiguration section */

/* Begin XCConfigurationList section */
		102727C629BEFE3400E91167 /* Build configuration list for PBXProject "Coava" */ = {
			isa = XCConfigurationList;
			buildConfigurations = (
				102727DD29BEFE3400E91167 /* Debug */,
				102727DE29BEFE3400E91167 /* Release */,
			);
			defaultConfigurationIsVisible = 0;
			defaultConfigurationName = Release;
		};
		102727DF29BEFE3400E91167 /* Build configuration list for PBXNativeTarget "Coava" */ = {
			isa = XCConfigurationList;
			buildConfigurations = (
				102727E029BEFE3400E91167 /* Debug */,
				102727E129BEFE3400E91167 /* Release */,
			);
			defaultConfigurationIsVisible = 0;
			defaultConfigurationName = Release;
		};
/* End XCConfigurationList section */
	};
	rootObject = 102727C329BEFE3400E91167 /* Project object */;
}
